
Microsoft Visual Studio Solution File, Format Version 12.00
# Visual Studio Version 17
VisualStudioVersion = 17.6.33723.286
MinimumVisualStudioVersion = 10.0.40219.1
Project("{FAE04EC0-301F-11D3-BF4B-00C04F79EFBC}") = "work10(23.06.16)hard", "work10(23.06.16)hard.csproj", "{B82856DC-A014-459B-B8D5-A5AF5015529E}"
EndProject
Global
	GlobalSection(SolutionConfigurationPlatforms) = preSolution
		Debug|Any CPU = Debug|Any CPU
		Release|Any CPU = Release|Any CPU
	EndGlobalSection
	GlobalSection(ProjectConfigurationPlatforms) = postSolution
		{B82856DC-A014-459B-B8D5-A5AF5015529E}.Debug|Any CPU.ActiveCfg = Debug|Any CPU
		{B82856DC-A014-459B-B8D5-A5AF5015529E}.Debug|Any CPU.Build.0 = Debug|Any CPU
		{B82856DC-A014-459B-B8D5-A5AF5015529E}.Release|Any CPU.ActiveCfg = Release|Any CPU
		{B82856DC-A014-459B-B8D5-A5AF5015529E}.Release|Any CPU.Build.0 = Release|Any CPU
	EndGlobalSection
	GlobalSection(SolutionProperties) = preSolution
		HideSolutionNode = FALSE
	EndGlobalSection
	GlobalSection(ExtensibilityGlobals) = postSolution
		SolutionGuid = {D62F293B-A10C-4ABA-96AB-F35D8A237954}
	EndGlobalSection
EndGlobal
